
Microsoft Visual Studio Solution File, Format Version 12.00
# Visual Studio 14
VisualStudioVersion = 14.0.24720.0
MinimumVisualStudioVersion = 10.0.40219.1
Project("{FAE04EC0-301F-11D3-BF4B-00C04F79EFBC}") = "MVCiServer", "MVCiServer\MVCiServer.csproj", "{4642778B-475C-4A82-A184-BDDFFE43E9C9}"
EndProject
Project("{FAE04EC0-301F-11D3-BF4B-00C04F79EFBC}") = "WebApplication2", "WebApplication2\WebApplication2.csproj", "{F9481C2B-70F8-410A-95DA-E118AEC5AB2C}"
	ProjectSection(ProjectDependencies) = postProject
		{3AA52D5F-B421-4949-9EA1-9FD28D2B513C} = {3AA52D5F-B421-4949-9EA1-9FD28D2B513C}
	EndProjectSection
EndProject
Project("{FAE04EC0-301F-11D3-BF4B-00C04F79EFBC}") = "WcfService1", "WcfService1\WcfService1.csproj", "{3AA52D5F-B421-4949-9EA1-9FD28D2B513C}"
EndProject
Global
	GlobalSection(SolutionConfigurationPlatforms) = preSolution
		Debug|Any CPU = Debug|Any CPU
		Release|Any CPU = Release|Any CPU
	EndGlobalSection
	GlobalSection(ProjectConfigurationPlatforms) = postSolution
		{4642778B-475C-4A82-A184-BDDFFE43E9C9}.Debug|Any CPU.ActiveCfg = Debug|Any CPU
		{4642778B-475C-4A82-A184-BDDFFE43E9C9}.Debug|Any CPU.Build.0 = Debug|Any CPU
		{4642778B-475C-4A82-A184-BDDFFE43E9C9}.Release|Any CPU.ActiveCfg = Release|Any CPU
		{4642778B-475C-4A82-A184-BDDFFE43E9C9}.Release|Any CPU.Build.0 = Release|Any CPU
		{F9481C2B-70F8-410A-95DA-E118AEC5AB2C}.Debug|Any CPU.ActiveCfg = Debug|Any CPU
		{F9481C2B-70F8-410A-95DA-E118AEC5AB2C}.Debug|Any CPU.Build.0 = Debug|Any CPU
		{F9481C2B-70F8-410A-95DA-E118AEC5AB2C}.Release|Any CPU.ActiveCfg = Release|Any CPU
		{F9481C2B-70F8-410A-95DA-E118AEC5AB2C}.Release|Any CPU.Build.0 = Release|Any CPU
		{3AA52D5F-B421-4949-9EA1-9FD28D2B513C}.Debug|Any CPU.ActiveCfg = Debug|Any CPU
		{3AA52D5F-B421-4949-9EA1-9FD28D2B513C}.Debug|Any CPU.Build.0 = Debug|Any CPU
		{3AA52D5F-B421-4949-9EA1-9FD28D2B513C}.Release|Any CPU.ActiveCfg = Release|Any CPU
		{3AA52D5F-B421-4949-9EA1-9FD28D2B513C}.Release|Any CPU.Build.0 = Release|Any CPU
	EndGlobalSection
	GlobalSection(SolutionProperties) = preSolution
		HideSolutionNode = FALSE
	EndGlobalSection
EndGlobal
